
Microsoft Visual Studio Solution File, Format Version 12.00
# Visual Studio 15
VisualStudioVersion = 15.0.28307.489
MinimumVisualStudioVersion = 10.0.40219.1
Project("{8BC9CEB8-8B4A-11D0-8D11-00A0C91BC942}") = "tof_demo", "tof_demo\tof_demo.vcxproj", "{66E3062B-5690-4378-A9D3-646B484E3B33}"
	ProjectSection(ProjectDependencies) = postProject
		{21DF4B38-F0AE-4E9C-9609-C7FA681DF1C6} = {21DF4B38-F0AE-4E9C-9609-C7FA681DF1C6}
	EndProjectSection
EndProject
Project("{8BC9CEB8-8B4A-11D0-8D11-00A0C91BC942}") = "VL53l0x", "Library1\Library1.vcxproj", "{21DF4B38-F0AE-4E9C-9609-C7FA681DF1C6}"
EndProject
Global
	GlobalSection(SolutionConfigurationPlatforms) = preSolution
		Debug|ARM = Debug|ARM
		Release|ARM = Release|ARM
	EndGlobalSection
	GlobalSection(ProjectConfigurationPlatforms) = postSolution
		{66E3062B-5690-4378-A9D3-646B484E3B33}.Debug|ARM.ActiveCfg = Debug|ARM
		{66E3062B-5690-4378-A9D3-646B484E3B33}.Debug|ARM.Build.0 = Debug|ARM
		{66E3062B-5690-4378-A9D3-646B484E3B33}.Release|ARM.ActiveCfg = Release|ARM
		{66E3062B-5690-4378-A9D3-646B484E3B33}.Release|ARM.Build.0 = Release|ARM
		{21DF4B38-F0AE-4E9C-9609-C7FA681DF1C6}.Debug|ARM.ActiveCfg = Debug|ARM
		{21DF4B38-F0AE-4E9C-9609-C7FA681DF1C6}.Debug|ARM.Build.0 = Debug|ARM
		{21DF4B38-F0AE-4E9C-9609-C7FA681DF1C6}.Release|ARM.ActiveCfg = Release|ARM
		{21DF4B38-F0AE-4E9C-9609-C7FA681DF1C6}.Release|ARM.Build.0 = Release|ARM
	EndGlobalSection
	GlobalSection(SolutionProperties) = preSolution
		HideSolutionNode = FALSE
	EndGlobalSection
	GlobalSection(ExtensibilityGlobals) = postSolution
		SolutionGuid = {2876F962-2F89-4FBE-8376-9E4FF95DE676}
	EndGlobalSection
EndGlobal
