
Microsoft Visual Studio Solution File, Format Version 12.00
# Visual Studio 15
VisualStudioVersion = 15.0.28307.489
MinimumVisualStudioVersion = 10.0.40219.1
Project("{8BC9CEB8-8B4A-11D0-8D11-00A0C91BC942}") = "click_demo", "click_demo\click_demo.vcxproj", "{F4F61A97-E848-4213-8818-E7234C0AA5CB}"
EndProject
Project("{8BC9CEB8-8B4A-11D0-8D11-00A0C91BC942}") = "ClickLib", "Library1\Library1.vcxproj", "{2AE72B72-3367-46E7-B4F8-D2E1389CA3F7}"
EndProject
Global
	GlobalSection(SolutionConfigurationPlatforms) = preSolution
		Debug|ARM = Debug|ARM
		Release|ARM = Release|ARM
	EndGlobalSection
	GlobalSection(ProjectConfigurationPlatforms) = postSolution
		{F4F61A97-E848-4213-8818-E7234C0AA5CB}.Debug|ARM.ActiveCfg = Debug|ARM
		{F4F61A97-E848-4213-8818-E7234C0AA5CB}.Debug|ARM.Build.0 = Debug|ARM
		{F4F61A97-E848-4213-8818-E7234C0AA5CB}.Release|ARM.ActiveCfg = Release|ARM
		{F4F61A97-E848-4213-8818-E7234C0AA5CB}.Release|ARM.Build.0 = Release|ARM
		{2AE72B72-3367-46E7-B4F8-D2E1389CA3F7}.Debug|ARM.ActiveCfg = Debug|ARM
		{2AE72B72-3367-46E7-B4F8-D2E1389CA3F7}.Debug|ARM.Build.0 = Debug|ARM
		{2AE72B72-3367-46E7-B4F8-D2E1389CA3F7}.Release|ARM.ActiveCfg = Release|ARM
		{2AE72B72-3367-46E7-B4F8-D2E1389CA3F7}.Release|ARM.Build.0 = Release|ARM
	EndGlobalSection
	GlobalSection(SolutionProperties) = preSolution
		HideSolutionNode = FALSE
	EndGlobalSection
	GlobalSection(ExtensibilityGlobals) = postSolution
		SolutionGuid = {247CBC9E-AACC-4C00-A2FA-898B48AC91DC}
	EndGlobalSection
EndGlobal
