
Microsoft Visual Studio Solution File, Format Version 12.00
# Visual Studio Version 16
VisualStudioVersion = 16.0.29102.190
MinimumVisualStudioVersion = 10.0.40219.1
Project("{8BC9CEB8-8B4A-11D0-8D11-00A0C91BC942}") = "lsm6dsl_demo", "lsm6dsl_demo.vcxproj", "{1CDF9418-3DC0-4E35-8DF0-66DFAB563FB3}"
	ProjectSection(ProjectDependencies) = postProject
		{03E23F6D-CC93-48A1-8D12-244EBD9701C6} = {03E23F6D-CC93-48A1-8D12-244EBD9701C6}
	EndProjectSection
EndProject
Project("{8BC9CEB8-8B4A-11D0-8D11-00A0C91BC942}") = "ClickLib", "..\ClickLib\ClickLib.vcxproj", "{03E23F6D-CC93-48A1-8D12-244EBD9701C6}"
EndProject
Global
	GlobalSection(SolutionConfigurationPlatforms) = preSolution
		Debug|ARM = Debug|ARM
		Release|ARM = Release|ARM
	EndGlobalSection
	GlobalSection(ProjectConfigurationPlatforms) = postSolution
		{1CDF9418-3DC0-4E35-8DF0-66DFAB563FB3}.Debug|ARM.ActiveCfg = Debug|ARM
		{1CDF9418-3DC0-4E35-8DF0-66DFAB563FB3}.Debug|ARM.Build.0 = Debug|ARM
		{1CDF9418-3DC0-4E35-8DF0-66DFAB563FB3}.Release|ARM.ActiveCfg = Release|ARM
		{1CDF9418-3DC0-4E35-8DF0-66DFAB563FB3}.Release|ARM.Build.0 = Release|ARM
		{03E23F6D-CC93-48A1-8D12-244EBD9701C6}.Debug|ARM.ActiveCfg = Debug|ARM
		{03E23F6D-CC93-48A1-8D12-244EBD9701C6}.Debug|ARM.Build.0 = Debug|ARM
		{03E23F6D-CC93-48A1-8D12-244EBD9701C6}.Release|ARM.ActiveCfg = Release|ARM
		{03E23F6D-CC93-48A1-8D12-244EBD9701C6}.Release|ARM.Build.0 = Release|ARM
	EndGlobalSection
	GlobalSection(SolutionProperties) = preSolution
		HideSolutionNode = FALSE
	EndGlobalSection
	GlobalSection(ExtensibilityGlobals) = postSolution
		SolutionGuid = {2882DF59-7562-4348-A1E9-B09022AA04FE}
	EndGlobalSection
EndGlobal
